PackratFormat: 1.4
PackratVersion: 0.4.8.1
RVersion: 3.3.1
Repos: BioCsoft=https://bioconductor.org/packages/3.4/bioc,
    BioCann=https://bioconductor.org/packages/3.4/data/annotation,
    BioCexp=https://bioconductor.org/packages/3.4/data/experiment,
    BioCextra=https://bioconductor.org/packages/3.4/extra,
    CRAN=https://cran.rstudio.com/,
    CRANextra=https://www.stats.ox.ac.uk/pub/RWin

Package: RCurl
Source: CRAN
Version: 1.95-4.8
Hash: 79c7d5a8684e44e0e3426d3093aa7d90
Requires: bitops

Package: bitops
Source: CRAN
Version: 1.0-6
Hash: 67d0775189fd0041d95abca618c5c07e

Package: packrat
Source: CRAN
Version: 0.4.8-1
Hash: 6ad605ba7b4b476d84be6632393f5765

Package: rJava
Source: CRAN
Version: 0.9-8
Hash: 3e8627a2a5bd45c9bad6112acfc231d9

Package: xlsx
Source: CRAN
Version: 0.5.7
Hash: 6acda2cf5190bf93d0b24c5a40b564cf
Requires: rJava, xlsxjars

Package: xlsxjars
Source: CRAN
Version: 0.6.1
Hash: 3902149dad80bcb14fcd88d8c7fd7f3b
Requires: rJava
